
Microsoft Visual Studio Solution File, Format Version 12.00
# Visual Studio Version 17
VisualStudioVersion = 17.13.35919.96 d17.13
MinimumVisualStudioVersion = 10.0.40219.1
Project("{FAE04EC0-301F-11D3-BF4B-00C04F79EFBC}") = "HerkLogin", "HerkLogin.csproj", "{3D11B5FF-987F-49B6-AB75-A365C8F90139}"
EndProject
Global
	GlobalSection(SolutionConfigurationPlatforms) = preSolution
		Debug|Any CPU = Debug|Any CPU
		Release|Any CPU = Release|Any CPU
	EndGlobalSection
	GlobalSection(ProjectConfigurationPlatforms) = postSolution
		{3D11B5FF-987F-49B6-AB75-A365C8F90139}.Debug|Any CPU.ActiveCfg = Debug|Any CPU
		{3D11B5FF-987F-49B6-AB75-A365C8F90139}.Debug|Any CPU.Build.0 = Debug|Any CPU
		{3D11B5FF-987F-49B6-AB75-A365C8F90139}.Release|Any CPU.ActiveCfg = Release|Any CPU
		{3D11B5FF-987F-49B6-AB75-A365C8F90139}.Release|Any CPU.Build.0 = Release|Any CPU
	EndGlobalSection
	GlobalSection(SolutionProperties) = preSolution
		HideSolutionNode = FALSE
	EndGlobalSection
	GlobalSection(ExtensibilityGlobals) = postSolution
		SolutionGuid = {6CF5F7F9-1235-40F8-AF8D-2B90350E91E1}
	EndGlobalSection
EndGlobal
